// !$*UTF8*$!
{
	archiveVersion = 1;
	classes = {
	};
	objectVersion = 55;
	objects = {

/* Begin PBXContainerItemProxy section */
		711DE51227944C8900B56DC8 /* PBXContainerItemProxy */ = {
			isa = PBXContainerItemProxy;
			containerPortal = 711DE50E27944C8800B56DC8 /* PieCharts.xcodeproj */;
			proxyType = 2;
			remoteGlobalIDString = 711DE4FD27944C8800B56DC8;
			remoteInfo = PieCharts;
		};
		711DE5332795B10400B56DC8 /* PBXContainerItemProxy */ = {
			isa = PBXContainerItemProxy;
			containerPortal = 711DE52F2795B10400B56DC8 /* BarCharts.xcodeproj */;
			proxyType = 2;
			remoteGlobalIDString = 711DE51E2795B10300B56DC8;
			remoteInfo = BarCharts;
		};
		711DE5552795FD7800B56DC8 /* PBXContainerItemProxy */ = {
			isa = PBXContainerItemProxy;
			containerPortal = 711DE5512795FD7800B56DC8 /* LineCharts.xcodeproj */;
			proxyType = 2;
			remoteGlobalIDString = 711DE5402795FD7700B56DC8;
			remoteInfo = LineCharts;
		};
/* End PBXContainerItemProxy section */

/* Begin PBXFileReference section */
		711DE50E27944C8800B56DC8 /* PieCharts.xcodeproj */ = {isa = PBXFileReference; lastKnownFileType = "wrapper.pb-project"; name = PieCharts.xcodeproj; path = PieCharts/PieCharts.xcodeproj; sourceTree = "<group>"; };
		711DE52F2795B10400B56DC8 /* BarCharts.xcodeproj */ = {isa = PBXFileReference; lastKnownFileType = "wrapper.pb-project"; name = BarCharts.xcodeproj; path = BarCharts/BarCharts.xcodeproj; sourceTree = "<group>"; };
		711DE5512795FD7800B56DC8 /* LineCharts.xcodeproj */ = {isa = PBXFileReference; lastKnownFileType = "wrapper.pb-project"; name = LineCharts.xcodeproj; path = LineCharts/LineCharts.xcodeproj; sourceTree = "<group>"; };
/* End PBXFileReference section */

/* Begin PBXGroup section */
		711DE4CC27944BF100B56DC8 = {
			isa = PBXGroup;
			children = (
				711DE5512795FD7800B56DC8 /* LineCharts.xcodeproj */,
				711DE52F2795B10400B56DC8 /* BarCharts.xcodeproj */,
				711DE50E27944C8800B56DC8 /* PieCharts.xcodeproj */,
			);
			sourceTree = "<group>";
		};
		711DE50F27944C8800B56DC8 /* Products */ = {
			isa = PBXGroup;
			children = (
				711DE51327944C8900B56DC8 /* PieCharts.app */,
			);
			name = Products;
			sourceTree = "<group>";
		};
		711DE5302795B10400B56DC8 /* Products */ = {
			isa = PBXGroup;
			children = (
				711DE5342795B10400B56DC8 /* BarCharts.app */,
			);
			name = Products;
			sourceTree = "<group>";
		};
		711DE5522795FD7800B56DC8 /* Products */ = {
			isa = PBXGroup;
			children = (
				711DE5562795FD7800B56DC8 /* LineCharts.app */,
			);
			name = Products;
			sourceTree = "<group>";
		};
/* End PBXGroup section */

/* Begin PBXProject section */
		711DE4CD27944BF100B56DC8 /* Project object */ = {
			isa = PBXProject;
			attributes = {
				BuildIndependentTargetsInParallel = 1;
				LastUpgradeCheck = 1320;
			};
			buildConfigurationList = 711DE4D027944BF100B56DC8 /* Build configuration list for PBXProject "Charts in SwiftUI" */;
			compatibilityVersion = "Xcode 13.0";
			developmentRegion = en;
			hasScannedForEncodings = 0;
			knownRegions = (
				en,
				Base,
			);
			mainGroup = 711DE4CC27944BF100B56DC8;
			projectDirPath = "";
			projectReferences = (
				{
					ProductGroup = 711DE5302795B10400B56DC8 /* Products */;
					ProjectRef = 711DE52F2795B10400B56DC8 /* BarCharts.xcodeproj */;
				},
				{
					ProductGroup = 711DE5522795FD7800B56DC8 /* Products */;
					ProjectRef = 711DE5512795FD7800B56DC8 /* LineCharts.xcodeproj */;
				},
				{
					ProductGroup = 711DE50F27944C8800B56DC8 /* Products */;
					ProjectRef = 711DE50E27944C8800B56DC8 /* PieCharts.xcodeproj */;
				},
			);
			projectRoot = "";
			targets = (
			);
		};
/* End PBXProject section */

/* Begin PBXReferenceProxy section */
		711DE51327944C8900B56DC8 /* PieCharts.app */ = {
			isa = PBXReferenceProxy;
			fileType = wrapper.application;
			path = PieCharts.app;
			remoteRef = 711DE51227944C8900B56DC8 /* PBXContainerItemProxy */;
			sourceTree = BUILT_PRODUCTS_DIR;
		};
		711DE5342795B10400B56DC8 /* BarCharts.app */ = {
			isa = PBXReferenceProxy;
			fileType = wrapper.application;
			path = BarCharts.app;
			remoteRef = 711DE5332795B10400B56DC8 /* PBXContainerItemProxy */;
			sourceTree = BUILT_PRODUCTS_DIR;
		};
		711DE5562795FD7800B56DC8 /* LineCharts.app */ = {
			isa = PBXReferenceProxy;
			fileType = wrapper.application;
			path = LineCharts.app;
			remoteRef = 711DE5552795FD7800B56DC8 /* PBXContainerItemProxy */;
			sourceTree = BUILT_PRODUCTS_DIR;
		};
/* End PBXReferenceProxy section */

/* Begin XCBuildConfiguration section */
		711DE4D127944BF100B56DC8 /* Debug */ = {
			isa = XCBuildConfiguration;
			buildSettings = {
			};
			name = Debug;
		};
		711DE4D227944BF100B56DC8 /* Release */ = {
			isa = XCBuildConfiguration;
			buildSettings = {
			};
			name = Release;
		};
/* End XCBuildConfiguration section */

/* Begin XCConfigurationList section */
		711DE4D027944BF100B56DC8 /* Build configuration list for PBXProject "Charts in SwiftUI" */ = {
			isa = XCConfigurationList;
			buildConfigurations = (
				711DE4D127944BF100B56DC8 /* Debug */,
				711DE4D227944BF100B56DC8 /* Release */,
			);
			defaultConfigurationIsVisible = 0;
			defaultConfigurationName = Release;
		};
/* End XCConfigurationList section */
	};
	rootObject = 711DE4CD27944BF100B56DC8 /* Project object */;
}
